
Microsoft Visual Studio Solution File, Format Version 12.00
# Visual Studio Version 17
VisualStudioVersion = 17.13.35931.197 d17.13
MinimumVisualStudioVersion = 10.0.40219.1
Project("{FAE04EC0-301F-11D3-BF4B-00C04F79EFBC}") = "PaintApplication", "PaintApplication.csproj", "{20CF1EF5-9DA3-4567-ABD7-162756E5E084}"
EndProject
Global
	GlobalSection(SolutionConfigurationPlatforms) = preSolution
		Debug|Any CPU = Debug|Any CPU
		Release|Any CPU = Release|Any CPU
	EndGlobalSection
	GlobalSection(ProjectConfigurationPlatforms) = postSolution
		{20CF1EF5-9DA3-4567-ABD7-162756E5E084}.Debug|Any CPU.ActiveCfg = Debug|Any CPU
		{20CF1EF5-9DA3-4567-ABD7-162756E5E084}.Debug|Any CPU.Build.0 = Debug|Any CPU
		{20CF1EF5-9DA3-4567-ABD7-162756E5E084}.Release|Any CPU.ActiveCfg = Release|Any CPU
		{20CF1EF5-9DA3-4567-ABD7-162756E5E084}.Release|Any CPU.Build.0 = Release|Any CPU
	EndGlobalSection
	GlobalSection(SolutionProperties) = preSolution
		HideSolutionNode = FALSE
	EndGlobalSection
	GlobalSection(ExtensibilityGlobals) = postSolution
		SolutionGuid = {E7AF9860-1A54-4EAE-B59C-18373DAA4EAC}
	EndGlobalSection
EndGlobal
